Microsoft Visual Studio Solution File, Format Version 11.00
# Visual Studio 2008

Project("{FA20A358-4A21-1809-89E0-6DC2EC11267E}") = "Rouge_Like_Test", "Assembly-CSharp.csproj", "{28D8137C-3527-6EEB-C8E3-6C040B48681B}"
EndProject
Global
	GlobalSection(SolutionConfigurationPlatforms) = preSolution
		Debug|Any CPU = Debug|Any CPU
		Release|Any CPU = Release|Any CPU
	EndGlobalSection
	GlobalSection(ProjectConfigurationPlatforms) = postSolution
		{28D8137C-3527-6EEB-C8E3-6C040B48681B}.Debug|Any CPU.ActiveCfg = Debug|Any CPU
		{28D8137C-3527-6EEB-C8E3-6C040B48681B}.Debug|Any CPU.Build.0 = Debug|Any CPU
		{28D8137C-3527-6EEB-C8E3-6C040B48681B}.Release|Any CPU.ActiveCfg = Release|Any CPU
		{28D8137C-3527-6EEB-C8E3-6C040B48681B}.Release|Any CPU.Build.0 = Release|Any CPU
	EndGlobalSection
	GlobalSection(SolutionProperties) = preSolution
		HideSolutionNode = FALSE
	EndGlobalSection
	GlobalSection(MonoDevelopProperties) = preSolution
		StartupItem = Assembly-CSharp.csproj
	EndGlobalSection
EndGlobal
